{
  "requires": true,
  "lockfileVersion": 1,
  "dependencies": {
    "@remix-run/router": {
      "version": "1.16.1",
      "resolved": "https://registry.npmjs.org/@remix-run/router/-/router-1.16.1.tgz",
      "integrity": "sha512-es2g3dq6Nb07iFxGk5GuHN20RwBZOsuDQN7izWIisUcv9r+d2C5jQxqmgkdebXgReWfiyUabcki6Fg77mSNrig=="
    },
    "create-vite": {
      "version": "5.2.3",
      "resolved": "https://registry.npmjs.org/create-vite/-/create-vite-5.2.3.tgz",
      "integrity": "sha512-fTIAW0foFjj0+oNzG0zs7VXMdQ/C9NcaLeoB/kl91HQukFKCXYMPzmllJAWX2lJTgunRRz4K14HBiXfyuX9xGg=="
    },
    "react-google-charts": {
      "version": "4.0.1",
      "resolved": "https://registry.npmjs.org/react-google-charts/-/react-google-charts-4.0.1.tgz",
      "integrity": "sha512-V/hcMcNuBgD5w49BYTUDye+bUKaPmsU5vy/9W/Nj2xEeGn+6/AuH9IvBkbDcNBsY00cV9OeexdmgfI5RFHgsXQ=="
    },
    "react-hook-form": {
      "version": "7.51.3",
      "resolved": "https://registry.npmjs.org/react-hook-form/-/react-hook-form-7.51.3.tgz",
      "integrity": "sha512-cvJ/wbHdhYx8aviSWh28w9ImjmVsb5Y05n1+FW786vEZQJV5STNM0pW6ujS+oiBecb0ARBxJFyAnXj9+GHXACQ=="
    },
    "react-router": {
      "version": "6.23.1",
      "resolved": "https://registry.npmjs.org/react-router/-/react-router-6.23.1.tgz",
      "integrity": "sha512-fzcOaRF69uvqbbM7OhvQyBTFDVrrGlsFdS3AL+1KfIBtGETibHzi3FkoTRyiDJnWNc2VxrfvR+657ROHjaNjqQ==",
      "requires": {
        "@remix-run/router": "1.16.1"
      }
    },
    "react-router-dom": {
      "version": "6.23.1",
      "resolved": "https://registry.npmjs.org/react-router-dom/-/react-router-dom-6.23.1.tgz",
      "integrity": "sha512-utP+K+aSTtEdbWpC+4gxhdlPFwuEfDKq8ZrPFU65bbRJY+l706qjR7yaidBpo3MSeA/fzwbXWbKBI6ftOnP3OQ==",
      "requires": {
        "@remix-run/router": "1.16.1",
        "react-router": "6.23.1"
      }
    }
  }
}
